// !$*UTF8*$!
{
	archiveVersion = 1;
	classes = {
	};
	objectVersion = 48;
	objects = {

/* Begin PBXBuildFile section */
		0595A7561A5018DC8698A916 /* ParentTabBarModuleConfigurator.swift in Sources */ = {isa = PBXBuildFile; fileRef = 786CAE7BEE2F3B8AE33141A8 /* ParentTabBarModuleConfigurator.swift */; };
		09F7935908FDF2F1F21516F5 /* ParentTabBarModuleInitializer.swift in Sources */ = {isa = PBXBuildFile; fileRef = 3D6BA7C80A096D926DB16379 /* ParentTabBarModuleInitializer.swift */; };
		30C86FF81CAB9ED254261A37 /* TodayModuleViewOutput.swift in Sources */ = {isa = PBXBuildFile; fileRef = 33685C190CE59852F540779D /* TodayModuleViewOutput.swift */; };
		3A77688A3FF564B4360A7C15 /* ParentTabBarModuleViewOutput.swift in Sources */ = {isa = PBXBuildFile; fileRef = E0C3247548E6F1312193FDA7 /* ParentTabBarModuleViewOutput.swift */; };
		42B51190B60CEDB053C6DEB9 /* ForecastModuleViewController.swift in Sources */ = {isa = PBXBuildFile; fileRef = 964FCC1B717ADA7F4A3B9986 /* ForecastModuleViewController.swift */; };
		4819942422422C0A00ABF2A3 /* Forecast.swift in Sources */ = {isa = PBXBuildFile; fileRef = 4819942322422C0A00ABF2A3 /* Forecast.swift */; };
		48199427224240EB00ABF2A3 /* ForecastModuleTableViewHeader.swift in Sources */ = {isa = PBXBuildFile; fileRef = 48199426224240EB00ABF2A3 /* ForecastModuleTableViewHeader.swift */; };
		48199429224240F800ABF2A3 /* ForecastModuleTableViewHeader.xib in Resources */ = {isa = PBXBuildFile; fileRef = 48199428224240F800ABF2A3 /* ForecastModuleTableViewHeader.xib */; };
		4819942B22424BE200ABF2A3 /* UserData.swift in Sources */ = {isa = PBXBuildFile; fileRef = 4819942A22424BE200ABF2A3 /* UserData.swift */; };
		4C56FFEB8AECF5BDFB4BD667 /* TodayModuleViewController.swift in Sources */ = {isa = PBXBuildFile; fileRef = 9EE1FAC33E3872B95E583A17 /* TodayModuleViewController.swift */; };
		58105BB4B83398C06FAB43B2 /* ForecastModuleViewInput.swift in Sources */ = {isa = PBXBuildFile; fileRef = FDF6C2BB1BBA518E283A4B4B /* ForecastModuleViewInput.swift */; };
		5AEA068BAA290BCF5CBB41BD /* TodayModuleViewInput.swift in Sources */ = {isa = PBXBuildFile; fileRef = 25FD9453C9C1644F83A33DCA /* TodayModuleViewInput.swift */; };
		5B9BA2501432B77E17D038D9 /* TodayModuleConfigurator.swift in Sources */ = {isa = PBXBuildFile; fileRef = 1798FC43B121733F6785F917 /* TodayModuleConfigurator.swift */; };
		60CB01DB3658F1A9B48F83B6 /* TodayModulePresenter.swift in Sources */ = {isa = PBXBuildFile; fileRef = 69C33E27D5E88D50AB8A9842 /* TodayModulePresenter.swift */; };
		72B9A5EBA3E76C0FFCDFD597 /* ParentTabBarModuleViewInput.swift in Sources */ = {isa = PBXBuildFile; fileRef = B3B97CF19E0D2861DA7A1549 /* ParentTabBarModuleViewInput.swift */; };
		CACF18DBA1E6AD7BCFF560CE /* Pods_Weatherman.framework in Frameworks */ = {isa = PBXBuildFile; fileRef = B7C1B3E547C32C0B52293810 /* Pods_Weatherman.framework */; };
		D71C86D1131D4CA78444CEDD /* ForecastModuleViewOutput.swift in Sources */ = {isa = PBXBuildFile; fileRef = F58BCDBF46C847EDA68A67E8 /* ForecastModuleViewOutput.swift */; };
		DC4604EB5B098BF1AF4E5682 /* ParentTabBarModuleViewController.swift in Sources */ = {isa = PBXBuildFile; fileRef = 82A493FD952FA6B67467506A /* ParentTabBarModuleViewController.swift */; };
		E60525E022415685000AB425 /* AppDelegate.swift in Sources */ = {isa = PBXBuildFile; fileRef = E60525DF22415685000AB425 /* AppDelegate.swift */; };
		E60525E722415687000AB425 /* Assets.xcassets in Resources */ = {isa = PBXBuildFile; fileRef = E60525E622415687000AB425 /* Assets.xcassets */; };
		E60525EA22415687000AB425 /* LaunchScreen.storyboard in Resources */ = {isa = PBXBuildFile; fileRef = E60525E822415687000AB425 /* LaunchScreen.storyboard */; };
		E61693CE3799A58B9305EF6A /* TodayModuleInitializer.swift in Sources */ = {isa = PBXBuildFile; fileRef = 21439E162DCE09FCA33B03DA /* TodayModuleInitializer.swift */; };
		E66369B12241624300CFF860 /* ApplicationConfigurator.swift in Sources */ = {isa = PBXBuildFile; fileRef = E66369B02241624300CFF860 /* ApplicationConfigurator.swift */; };
		E66369B42241630100CFF860 /* APIEndpoints.swift in Sources */ = {isa = PBXBuildFile; fileRef = E66369B32241630100CFF860 /* APIEndpoints.swift */; };
		E66369B72241633800CFF860 /* Utilities.swift in Sources */ = {isa = PBXBuildFile; fileRef = E66369B62241633800CFF860 /* Utilities.swift */; };
		E66369BA224163AE00CFF860 /* WeathermanViewController.swift in Sources */ = {isa = PBXBuildFile; fileRef = E66369B9224163AE00CFF860 /* WeathermanViewController.swift */; };
		E66369BC224164F700CFF860 /* WeathermanNavigationController.swift in Sources */ = {isa = PBXBuildFile; fileRef = E66369BB224164F700CFF860 /* WeathermanNavigationController.swift */; };
		E66369BF224166B900CFF860 /* R.generated.swift in Sources */ = {isa = PBXBuildFile; fileRef = E66369BE224166B900CFF860 /* R.generated.swift */; };
		E66369C322416C2600CFF860 /* URLRequest+cURL.swift in Sources */ = {isa = PBXBuildFile; fileRef = E66369C222416C2600CFF860 /* URLRequest+cURL.swift */; };
		E66369C822416D3C00CFF860 /* APIService.swift in Sources */ = {isa = PBXBuildFile; fileRef = E66369C722416D3C00CFF860 /* APIService.swift */; };
		E66369CA2241704D00CFF860 /* WeathermanTabBarController.swift in Sources */ = {isa = PBXBuildFile; fileRef = E66369C92241704D00CFF860 /* WeathermanTabBarController.swift */; };
		E66369CD2241736900CFF860 /* LocationService.swift in Sources */ = {isa = PBXBuildFile; fileRef = E66369CC2241736900CFF860 /* LocationService.swift */; };
		E66369CF224175A100CFF860 /* Storage.swift in Sources */ = {isa = PBXBuildFile; fileRef = E66369CE224175A100CFF860 /* Storage.swift */; };
		E66369D1224178CA00CFF860 /* ParentTabBarModuleViewController.storyboard in Resources */ = {isa = PBXBuildFile; fileRef = E66369D0224178CA00CFF860 /* ParentTabBarModuleViewController.storyboard */; };
		E66369D322417C6C00CFF860 /* TodayModuleViewController.storyboard in Resources */ = {isa = PBXBuildFile; fileRef = E66369D222417C6C00CFF860 /* TodayModuleViewController.storyboard */; };
		E66369D522417D1C00CFF860 /* ForecastModuleViewController.storyboard in Resources */ = {isa = PBXBuildFile; fileRef = E66369D422417D1C00CFF860 /* ForecastModuleViewController.storyboard */; };
		E66369D72241809700CFF860 /* GoogleService-Info.plist in Resources */ = {isa = PBXBuildFile; fileRef = E66369D62241809700CFF860 /* GoogleService-Info.plist */; };
		E66369D9224187F000CFF860 /* WeatherService.swift in Sources */ = {isa = PBXBuildFile; fileRef = E66369D8224187F000CFF860 /* WeatherService.swift */; };
		E66369DC2241883900CFF860 /* WeatherObservable.swift in Sources */ = {isa = PBXBuildFile; fileRef = E66369DB2241883900CFF860 /* WeatherObservable.swift */; };
		E66369DE224193D100CFF860 /* WeathermanViewController+WeatherSubscribable.swift in Sources */ = {isa = PBXBuildFile; fileRef = E66369DD224193D100CFF860 /* WeathermanViewController+WeatherSubscribable.swift */; };
		E66369E022419A4100CFF860 /* CurrentWeather.swift in Sources */ = {isa = PBXBuildFile; fileRef = E66369DF22419A4100CFF860 /* CurrentWeather.swift */; };
		E66369E222419A4E00CFF860 /* DayWeather.swift in Sources */ = {isa = PBXBuildFile; fileRef = E66369E122419A4E00CFF860 /* DayWeather.swift */; };
		E66369E422419C3F00CFF860 /* ServiceError.swift in Sources */ = {isa = PBXBuildFile; fileRef = E66369E322419C3F00CFF860 /* ServiceError.swift */; };
		E66369E62241B6C900CFF860 /* ForecastDateTransform.swift in Sources */ = {isa = PBXBuildFile; fileRef = E66369E52241B6C900CFF860 /* ForecastDateTransform.swift */; };
		E66369E82241D0A100CFF860 /* Double+Extension.swift in Sources */ = {isa = PBXBuildFile; fileRef = E66369E72241D0A100CFF860 /* Double+Extension.swift */; };
		E66369ED2241D42300CFF860 /* ForecastModuleTableViewCell.swift in Sources */ = {isa = PBXBuildFile; fileRef = E66369EB2241D42300CFF860 /* ForecastModuleTableViewCell.swift */; };
		E66369EE2241D42300CFF860 /* ForecastModuleTableViewCell.xib in Resources */ = {isa = PBXBuildFile; fileRef = E66369EC2241D42300CFF860 /* ForecastModuleTableViewCell.xib */; };
		EE15376E0B9016CCBC4D908B /* ForecastModulePresenter.swift in Sources */ = {isa = PBXBuildFile; fileRef = E052332F586EAB3C2B869DB7 /* ForecastModulePresenter.swift */; };
		F07524CB9A3AD5D7001E0D3F /* ParentTabBarModulePresenter.swift in Sources */ = {isa = PBXBuildFile; fileRef = 0ABD75DD5D75D537E570EA17 /* ParentTabBarModulePresenter.swift */; };
		FCD41F3D7C28838488065EAB /* ForecastModuleInitializer.swift in Sources */ = {isa = PBXBuildFile; fileRef = 82602AE2467F80938CD42835 /* ForecastModuleInitializer.swift */; };
		FDFAF496BC57775066E757B4 /* ForecastModuleConfigurator.swift in Sources */ = {isa = PBXBuildFile; fileRef = F6217A15E1D7DD65C171225F /* ForecastModuleConfigurator.swift */; };
/* End PBXBuildFile section */

/* Begin PBXFileReference section */
		0ABD75DD5D75D537E570EA17 /* ParentTabBarModulePresenter.swift */ = {isa = PBXFileReference; includeInIndex = 1; lastKnownFileType = sourcecode.swift; path = ParentTabBarModulePresenter.swift; sourceTree = "<group>"; };
		1798FC43B121733F6785F917 /* TodayModuleConfigurator.swift */ = {isa = PBXFileReference; includeInIndex = 1; lastKnownFileType = sourcecode.swift; path = TodayModuleConfigurator.swift; sourceTree = "<group>"; };
		21439E162DCE09FCA33B03DA /* TodayModuleInitializer.swift */ = {isa = PBXFileReference; includeInIndex = 1; lastKnownFileType = sourcecode.swift; path = TodayModuleInitializer.swift; sourceTree = "<group>"; };
		25FD9453C9C1644F83A33DCA /* TodayModuleViewInput.swift */ = {isa = PBXFileReference; includeInIndex = 1; lastKnownFileType = sourcecode.swift; path = TodayModuleViewInput.swift; sourceTree = "<group>"; };
		33685C190CE59852F540779D /* TodayModuleViewOutput.swift */ = {isa = PBXFileReference; includeInIndex = 1; lastKnownFileType = sourcecode.swift; path = TodayModuleViewOutput.swift; sourceTree = "<group>"; };
		3D6BA7C80A096D926DB16379 /* ParentTabBarModuleInitializer.swift */ = {isa = PBXFileReference; includeInIndex = 1; lastKnownFileType = sourcecode.swift; path = ParentTabBarModuleInitializer.swift; sourceTree = "<group>"; };
		4819942322422C0A00ABF2A3 /* Forecast.swift */ = {isa = PBXFileReference; lastKnownFileType = sourcecode.swift; path = Forecast.swift; sourceTree = "<group>"; };
		48199426224240EB00ABF2A3 /* ForecastModuleTableViewHeader.swift */ = {isa = PBXFileReference; lastKnownFileType = sourcecode.swift; path = ForecastModuleTableViewHeader.swift; sourceTree = "<group>"; };
		48199428224240F800ABF2A3 /* ForecastModuleTableViewHeader.xib */ = {isa = PBXFileReference; lastKnownFileType = file.xib; path = ForecastModuleTableViewHeader.xib; sourceTree = "<group>"; };
		4819942A22424BE200ABF2A3 /* UserData.swift */ = {isa = PBXFileReference; lastKnownFileType = sourcecode.swift; path = UserData.swift; sourceTree = "<group>"; };
		4CB2CBB65AA412BD2455F33D /* Pods-Weatherman.release.xcconfig */ = {isa = PBXFileReference; includeInIndex = 1; lastKnownFileType = text.xcconfig; name = "Pods-Weatherman.release.xcconfig"; path = "Target Support Files/Pods-Weatherman/Pods-Weatherman.release.xcconfig"; sourceTree = "<group>"; };
		622EEEE210570A355696D424 /* Pods-Weatherman.debug.xcconfig */ = {isa = PBXFileReference; includeInIndex = 1; lastKnownFileType = text.xcconfig; name = "Pods-Weatherman.debug.xcconfig"; path = "Target Support Files/Pods-Weatherman/Pods-Weatherman.debug.xcconfig"; sourceTree = "<group>"; };
		69C33E27D5E88D50AB8A9842 /* TodayModulePresenter.swift */ = {isa = PBXFileReference; includeInIndex = 1; lastKnownFileType = sourcecode.swift; path = TodayModulePresenter.swift; sourceTree = "<group>"; };
		786CAE7BEE2F3B8AE33141A8 /* ParentTabBarModuleConfigurator.swift */ = {isa = PBXFileReference; includeInIndex = 1; lastKnownFileType = sourcecode.swift; path = ParentTabBarModuleConfigurator.swift; sourceTree = "<group>"; };
		82602AE2467F80938CD42835 /* ForecastModuleInitializer.swift */ = {isa = PBXFileReference; includeInIndex = 1; lastKnownFileType = sourcecode.swift; path = ForecastModuleInitializer.swift; sourceTree = "<group>"; };
		82A493FD952FA6B67467506A /* ParentTabBarModuleViewController.swift */ = {isa = PBXFileReference; includeInIndex = 1; lastKnownFileType = sourcecode.swift; path = ParentTabBarModuleViewController.swift; sourceTree = "<group>"; };
		964FCC1B717ADA7F4A3B9986 /* ForecastModuleViewController.swift */ = {isa = PBXFileReference; includeInIndex = 1; lastKnownFileType = sourcecode.swift; path = ForecastModuleViewController.swift; sourceTree = "<group>"; };
		9EE1FAC33E3872B95E583A17 /* TodayModuleViewController.swift */ = {isa = PBXFileReference; includeInIndex = 1; lastKnownFileType = sourcecode.swift; path = TodayModuleViewController.swift; sourceTree = "<group>"; };
		B3B97CF19E0D2861DA7A1549 /* ParentTabBarModuleViewInput.swift */ = {isa = PBXFileReference; includeInIndex = 1; lastKnownFileType = sourcecode.swift; path = ParentTabBarModuleViewInput.swift; sourceTree = "<group>"; };
		B7C1B3E547C32C0B52293810 /* Pods_Weatherman.framework */ = {isa = PBXFileReference; explicitFileType = wrapper.framework; includeInIndex = 0; path = Pods_Weatherman.framework; sourceTree = BUILT_PRODUCTS_DIR; };
		E052332F586EAB3C2B869DB7 /* ForecastModulePresenter.swift */ = {isa = PBXFileReference; includeInIndex = 1; lastKnownFileType = sourcecode.swift; path = ForecastModulePresenter.swift; sourceTree = "<group>"; };
		E0C3247548E6F1312193FDA7 /* ParentTabBarModuleViewOutput.swift */ = {isa = PBXFileReference; includeInIndex = 1; lastKnownFileType = sourcecode.swift; path = ParentTabBarModuleViewOutput.swift; sourceTree = "<group>"; };
		E60525DC22415685000AB425 /* Weatherman.app */ = {isa = PBXFileReference; explicitFileType = wrapper.application; includeInIndex = 0; path = Weatherman.app; sourceTree = BUILT_PRODUCTS_DIR; };
		E60525DF22415685000AB425 /* AppDelegate.swift */ = {isa = PBXFileReference; lastKnownFileType = sourcecode.swift; path = AppDelegate.swift; sourceTree = "<group>"; };
		E60525E622415687000AB425 /* Assets.xcassets */ = {isa = PBXFileReference; lastKnownFileType = folder.assetcatalog; path = Assets.xcassets; sourceTree = "<group>"; };
		E60525E922415687000AB425 /* Base */ = {isa = PBXFileReference; lastKnownFileType = file.storyboard; name = Base; path = Base.lproj/LaunchScreen.storyboard; sourceTree = "<group>"; };
		E60525EB22415687000AB425 /* Info.plist */ = {isa = PBXFileReference; lastKnownFileType = text.plist.xml; path = Info.plist; sourceTree = "<group>"; };
		E66369B02241624300CFF860 /* ApplicationConfigurator.swift */ = {isa = PBXFileReference; lastKnownFileType = sourcecode.swift; path = ApplicationConfigurator.swift; sourceTree = "<group>"; };
		E66369B32241630100CFF860 /* APIEndpoints.swift */ = {isa = PBXFileReference; lastKnownFileType = sourcecode.swift; path = APIEndpoints.swift; sourceTree = "<group>"; };
		E66369B62241633800CFF860 /* Utilities.swift */ = {isa = PBXFileReference; lastKnownFileType = sourcecode.swift; path = Utilities.swift; sourceTree = "<group>"; };
		E66369B9224163AE00CFF860 /* WeathermanViewController.swift */ = {isa = PBXFileReference; lastKnownFileType = sourcecode.swift; path = WeathermanViewController.swift; sourceTree = "<group>"; };
		E66369BB224164F700CFF860 /* WeathermanNavigationController.swift */ = {isa = PBXFileReference; lastKnownFileType = sourcecode.swift; path = WeathermanNavigationController.swift; sourceTree = "<group>"; };
		E66369BE224166B900CFF860 /* R.generated.swift */ = {isa = PBXFileReference; fileEncoding = 4; lastKnownFileType = sourcecode.swift; path = R.generated.swift; sourceTree = SOURCE_ROOT; };
		E66369C222416C2600CFF860 /* URLRequest+cURL.swift */ = {isa = PBXFileReference; lastKnownFileType = sourcecode.swift; path = "URLRequest+cURL.swift"; sourceTree = "<group>"; };
		E66369C722416D3C00CFF860 /* APIService.swift */ = {isa = PBXFileReference; lastKnownFileType = sourcecode.swift; path = APIService.swift; sourceTree = "<group>"; };
		E66369C92241704D00CFF860 /* WeathermanTabBarController.swift */ = {isa = PBXFileReference; lastKnownFileType = sourcecode.swift; path = WeathermanTabBarController.swift; sourceTree = "<group>"; };
		E66369CC2241736900CFF860 /* LocationService.swift */ = {isa = PBXFileReference; lastKnownFileType = sourcecode.swift; path = LocationService.swift; sourceTree = "<group>"; };
		E66369CE224175A100CFF860 /* Storage.swift */ = {isa = PBXFileReference; lastKnownFileType = sourcecode.swift; path = Storage.swift; sourceTree = "<group>"; };
		E66369D0224178CA00CFF860 /* ParentTabBarModuleViewController.storyboard */ = {isa = PBXFileReference; lastKnownFileType = file.storyboard; path = ParentTabBarModuleViewController.storyboard; sourceTree = "<group>"; };
		E66369D222417C6C00CFF860 /* TodayModuleViewController.storyboard */ = {isa = PBXFileReference; lastKnownFileType = file.storyboard; path = TodayModuleViewController.storyboard; sourceTree = "<group>"; };
		E66369D422417D1C00CFF860 /* ForecastModuleViewController.storyboard */ = {isa = PBXFileReference; lastKnownFileType = file.storyboard; path = ForecastModuleViewController.storyboard; sourceTree = "<group>"; };
		E66369D62241809700CFF860 /* GoogleService-Info.plist */ = {isa = PBXFileReference; fileEncoding = 4; lastKnownFileType = text.plist.xml; path = "GoogleService-Info.plist"; sourceTree = "<group>"; };
		E66369D8224187F000CFF860 /* WeatherService.swift */ = {isa = PBXFileReference; lastKnownFileType = sourcecode.swift; path = WeatherService.swift; sourceTree = "<group>"; };
		E66369DB2241883900CFF860 /* WeatherObservable.swift */ = {isa = PBXFileReference; lastKnownFileType = sourcecode.swift; path = WeatherObservable.swift; sourceTree = "<group>"; };
		E66369DD224193D100CFF860 /* WeathermanViewController+WeatherSubscribable.swift */ = {isa = PBXFileReference; lastKnownFileType = sourcecode.swift; path = "WeathermanViewController+WeatherSubscribable.swift"; sourceTree = "<group>"; };
		E66369DF22419A4100CFF860 /* CurrentWeather.swift */ = {isa = PBXFileReference; lastKnownFileType = sourcecode.swift; path = CurrentWeather.swift; sourceTree = "<group>"; };
		E66369E122419A4E00CFF860 /* DayWeather.swift */ = {isa = PBXFileReference; lastKnownFileType = sourcecode.swift; path = DayWeather.swift; sourceTree = "<group>"; };
		E66369E322419C3F00CFF860 /* ServiceError.swift */ = {isa = PBXFileReference; lastKnownFileType = sourcecode.swift; path = ServiceError.swift; sourceTree = "<group>"; };
		E66369E52241B6C900CFF860 /* ForecastDateTransform.swift */ = {isa = PBXFileReference; lastKnownFileType = sourcecode.swift; path = ForecastDateTransform.swift; sourceTree = "<group>"; };
		E66369E72241D0A100CFF860 /* Double+Extension.swift */ = {isa = PBXFileReference; lastKnownFileType = sourcecode.swift; path = "Double+Extension.swift"; sourceTree = "<group>"; };
		E66369EB2241D42300CFF860 /* ForecastModuleTableViewCell.swift */ = {isa = PBXFileReference; lastKnownFileType = sourcecode.swift; path = ForecastModuleTableViewCell.swift; sourceTree = "<group>"; };
		E66369EC2241D42300CFF860 /* ForecastModuleTableViewCell.xib */ = {isa = PBXFileReference; lastKnownFileType = file.xib; path = ForecastModuleTableViewCell.xib; sourceTree = "<group>"; };
		F58BCDBF46C847EDA68A67E8 /* ForecastModuleViewOutput.swift */ = {isa = PBXFileReference; includeInIndex = 1; lastKnownFileType = sourcecode.swift; path = ForecastModuleViewOutput.swift; sourceTree = "<group>"; };
		F6217A15E1D7DD65C171225F /* ForecastModuleConfigurator.swift */ = {isa = PBXFileReference; includeInIndex = 1; lastKnownFileType = sourcecode.swift; path = ForecastModuleConfigurator.swift; sourceTree = "<group>"; };
		FDF6C2BB1BBA518E283A4B4B /* ForecastModuleViewInput.swift */ = {isa = PBXFileReference; includeInIndex = 1; lastKnownFileType = sourcecode.swift; path = ForecastModuleViewInput.swift; sourceTree = "<group>"; };
/* End PBXFileReference section */

/* Begin PBXFrameworksBuildPhase section */
		E60525D922415685000AB425 /* Frameworks */ = {
			isa = PBXFrameworksBuildPhase;
			buildActionMask = 2147483647;
			files = (
				CACF18DBA1E6AD7BCFF560CE /* Pods_Weatherman.framework in Frameworks */,
			);
			runOnlyForDeploymentPostprocessing = 0;
		};
/* End PBXFrameworksBuildPhase section */

/* Begin PBXGroup section */
		1C213318721DCFA3ADB32003 /* ForecastModule */ = {
			isa = PBXGroup;
			children = (
				E66369E92241D3F400CFF860 /* Subviews */,
				D48FFFFADD9A0176FACB34EE /* Configurator */,
				D5FAB9CC7F37A5AF090EE7C0 /* View */,
				9F2C2E0FC427CAEC95905DA6 /* Presenter */,
			);
			path = ForecastModule;
			sourceTree = "<group>";
		};
		1FB78CA7CF309AE6CA783E12 /* View */ = {
			isa = PBXGroup;
			children = (
				25FD9453C9C1644F83A33DCA /* TodayModuleViewInput.swift */,
				9EE1FAC33E3872B95E583A17 /* TodayModuleViewController.swift */,
				33685C190CE59852F540779D /* TodayModuleViewOutput.swift */,
				E66369D222417C6C00CFF860 /* TodayModuleViewController.storyboard */,
			);
			path = View;
			sourceTree = "<group>";
		};
		2416FECD8EC9723F4D43D6AA /* Configurator */ = {
			isa = PBXGroup;
			children = (
				21439E162DCE09FCA33B03DA /* TodayModuleInitializer.swift */,
				1798FC43B121733F6785F917 /* TodayModuleConfigurator.swift */,
			);
			path = Configurator;
			sourceTree = "<group>";
		};
		42490CE6BE9F44F392B63CD5 /* PresentationLayer */ = {
			isa = PBXGroup;
			children = (
				E66369B82241639000CFF860 /* Root */,
				EFB29D2D3283C4AC377A2E2A /* ParentTabBarModule */,
				E921DE31616465B1302954F8 /* TodayModule */,
				1C213318721DCFA3ADB32003 /* ForecastModule */,
			);
			path = PresentationLayer;
			sourceTree = "<group>";
		};
		48199425224240C200ABF2A3 /* ForecastModuleTableViewHeader */ = {
			isa = PBXGroup;
			children = (
				48199426224240EB00ABF2A3 /* ForecastModuleTableViewHeader.swift */,
				48199428224240F800ABF2A3 /* ForecastModuleTableViewHeader.xib */,
			);
			path = ForecastModuleTableViewHeader;
			sourceTree = "<group>";
		};
		5294AAA67AC0CA0300E1DE13 /* Presenter */ = {
			isa = PBXGroup;
			children = (
				0ABD75DD5D75D537E570EA17 /* ParentTabBarModulePresenter.swift */,
			);
			path = Presenter;
			sourceTree = "<group>";
		};
		90C4574F99B4152E852B7CD5 /* Configurator */ = {
			isa = PBXGroup;
			children = (
				3D6BA7C80A096D926DB16379 /* ParentTabBarModuleInitializer.swift */,
				786CAE7BEE2F3B8AE33141A8 /* ParentTabBarModuleConfigurator.swift */,
			);
			path = Configurator;
			sourceTree = "<group>";
		};
		9F2C2E0FC427CAEC95905DA6 /* Presenter */ = {
			isa = PBXGroup;
			children = (
				E052332F586EAB3C2B869DB7 /* ForecastModulePresenter.swift */,
			);
			path = Presenter;
			sourceTree = "<group>";
		};
		CD905E4B439BA2399DF62390 /* Pods */ = {
			isa = PBXGroup;
			children = (
				622EEEE210570A355696D424 /* Pods-Weatherman.debug.xcconfig */,
				4CB2CBB65AA412BD2455F33D /* Pods-Weatherman.release.xcconfig */,
			);
			path = Pods;
			sourceTree = "<group>";
		};
		D48FFFFADD9A0176FACB34EE /* Configurator */ = {
			isa = PBXGroup;
			children = (
				82602AE2467F80938CD42835 /* ForecastModuleInitializer.swift */,
				F6217A15E1D7DD65C171225F /* ForecastModuleConfigurator.swift */,
			);
			path = Configurator;
			sourceTree = "<group>";
		};
		D5FAB9CC7F37A5AF090EE7C0 /* View */ = {
			isa = PBXGroup;
			children = (
				FDF6C2BB1BBA518E283A4B4B /* ForecastModuleViewInput.swift */,
				964FCC1B717ADA7F4A3B9986 /* ForecastModuleViewController.swift */,
				F58BCDBF46C847EDA68A67E8 /* ForecastModuleViewOutput.swift */,
				E66369D422417D1C00CFF860 /* ForecastModuleViewController.storyboard */,
			);
			path = View;
			sourceTree = "<group>";
		};
		DE2EDA26A6B9E5A17AAD0E1C /* Presenter */ = {
			isa = PBXGroup;
			children = (
				69C33E27D5E88D50AB8A9842 /* TodayModulePresenter.swift */,
			);
			path = Presenter;
			sourceTree = "<group>";
		};
		E60525D322415685000AB425 = {
			isa = PBXGroup;
			children = (
				E60525DE22415685000AB425 /* Weatherman */,
				E60525DD22415685000AB425 /* Products */,
				CD905E4B439BA2399DF62390 /* Pods */,
				FB4C1D1CB93F59E25086CADE /* Frameworks */,
			);
			sourceTree = "<group>";
		};
		E60525DD22415685000AB425 /* Products */ = {
			isa = PBXGroup;
			children = (
				E60525DC22415685000AB425 /* Weatherman.app */,
			);
			name = Products;
			sourceTree = "<group>";
		};
		E60525DE22415685000AB425 /* Weatherman */ = {
			isa = PBXGroup;
			children = (
				E66369DA2241880F00CFF860 /* Protocols */,
				E66369C122416C1600CFF860 /* Extensions */,
				E66369B2224162E800CFF860 /* Constants */,
				E66369B52241632700CFF860 /* Utilities */,
				E66369AF224161F900CFF860 /* ApplicationLayer */,
				42490CE6BE9F44F392B63CD5 /* PresentationLayer */,
				E66369C622416D0300CFF860 /* BusinessLogicLayer */,
				E66369CB2241716600CFF860 /* ModelLayer */,
				E60525DF22415685000AB425 /* AppDelegate.swift */,
				E60525E622415687000AB425 /* Assets.xcassets */,
				E60525E822415687000AB425 /* LaunchScreen.storyboard */,
				E66369BE224166B900CFF860 /* R.generated.swift */,
				E66369D62241809700CFF860 /* GoogleService-Info.plist */,
				E60525EB22415687000AB425 /* Info.plist */,
			);
			path = Weatherman;
			sourceTree = "<group>";
		};
		E66369AF224161F900CFF860 /* ApplicationLayer */ = {
			isa = PBXGroup;
			children = (
				E66369B02241624300CFF860 /* ApplicationConfigurator.swift */,
			);
			path = ApplicationLayer;
			sourceTree = "<group>";
		};
		E66369B2224162E800CFF860 /* Constants */ = {
			isa = PBXGroup;
			children = (
				E66369B32241630100CFF860 /* APIEndpoints.swift */,
				E66369E322419C3F00CFF860 /* ServiceError.swift */,
			);
			path = Constants;
			sourceTree = "<group>";
		};
		E66369B52241632700CFF860 /* Utilities */ = {
			isa = PBXGroup;
			children = (
				E66369B62241633800CFF860 /* Utilities.swift */,
				E66369E52241B6C900CFF860 /* ForecastDateTransform.swift */,
			);
			path = Utilities;
			sourceTree = "<group>";
		};
		E66369B82241639000CFF860 /* Root */ = {
			isa = PBXGroup;
			children = (
				E66369BB224164F700CFF860 /* WeathermanNavigationController.swift */,
				E66369B9224163AE00CFF860 /* WeathermanViewController.swift */,
				E66369C92241704D00CFF860 /* WeathermanTabBarController.swift */,
			);
			path = Root;
			sourceTree = "<group>";
		};
		E66369C122416C1600CFF860 /* Extensions */ = {
			isa = PBXGroup;
			children = (
				E66369C222416C2600CFF860 /* URLRequest+cURL.swift */,
				E66369DD224193D100CFF860 /* WeathermanViewController+WeatherSubscribable.swift */,
				E66369E72241D0A100CFF860 /* Double+Extension.swift */,
			);
			path = Extensions;
			sourceTree = "<group>";
		};
		E66369C622416D0300CFF860 /* BusinessLogicLayer */ = {
			isa = PBXGroup;
			children = (
				E66369D8224187F000CFF860 /* WeatherService.swift */,
				E66369C722416D3C00CFF860 /* APIService.swift */,
				E66369CC2241736900CFF860 /* LocationService.swift */,
				E66369CE224175A100CFF860 /* Storage.swift */,
			);
			path = BusinessLogicLayer;
			sourceTree = "<group>";
		};
		E66369CB2241716600CFF860 /* ModelLayer */ = {
			isa = PBXGroup;
			children = (
				E66369DF22419A4100CFF860 /* CurrentWeather.swift */,
				E66369E122419A4E00CFF860 /* DayWeather.swift */,
				4819942322422C0A00ABF2A3 /* Forecast.swift */,
				4819942A22424BE200ABF2A3 /* UserData.swift */,
			);
			path = ModelLayer;
			sourceTree = "<group>";
		};
		E66369DA2241880F00CFF860 /* Protocols */ = {
			isa = PBXGroup;
			children = (
				E66369DB2241883900CFF860 /* WeatherObservable.swift */,
			);
			path = Protocols;
			sourceTree = "<group>";
		};
		E66369E92241D3F400CFF860 /* Subviews */ = {
			isa = PBXGroup;
			children = (
				48199425224240C200ABF2A3 /* ForecastModuleTableViewHeader */,
				E66369EA2241D3FC00CFF860 /* ForecastModuleTableViewCell */,
			);
			path = Subviews;
			sourceTree = "<group>";
		};
		E66369EA2241D3FC00CFF860 /* ForecastModuleTableViewCell */ = {
			isa = PBXGroup;
			children = (
				E66369EB2241D42300CFF860 /* ForecastModuleTableViewCell.swift */,
				E66369EC2241D42300CFF860 /* ForecastModuleTableViewCell.xib */,
			);
			path = ForecastModuleTableViewCell;
			sourceTree = "<group>";
		};
		E921DE31616465B1302954F8 /* TodayModule */ = {
			isa = PBXGroup;
			children = (
				2416FECD8EC9723F4D43D6AA /* Configurator */,
				1FB78CA7CF309AE6CA783E12 /* View */,
				DE2EDA26A6B9E5A17AAD0E1C /* Presenter */,
			);
			path = TodayModule;
			sourceTree = "<group>";
		};
		EA2D95138B2F9E7DD0E791A6 /* View */ = {
			isa = PBXGroup;
			children = (
				B3B97CF19E0D2861DA7A1549 /* ParentTabBarModuleViewInput.swift */,
				82A493FD952FA6B67467506A /* ParentTabBarModuleViewController.swift */,
				E0C3247548E6F1312193FDA7 /* ParentTabBarModuleViewOutput.swift */,
				E66369D0224178CA00CFF860 /* ParentTabBarModuleViewController.storyboard */,
			);
			path = View;
			sourceTree = "<group>";
		};
		EFB29D2D3283C4AC377A2E2A /* ParentTabBarModule */ = {
			isa = PBXGroup;
			children = (
				90C4574F99B4152E852B7CD5 /* Configurator */,
				EA2D95138B2F9E7DD0E791A6 /* View */,
				5294AAA67AC0CA0300E1DE13 /* Presenter */,
			);
			path = ParentTabBarModule;
			sourceTree = "<group>";
		};
		FB4C1D1CB93F59E25086CADE /* Frameworks */ = {
			isa = PBXGroup;
			children = (
				B7C1B3E547C32C0B52293810 /* Pods_Weatherman.framework */,
			);
			name = Frameworks;
			sourceTree = "<group>";
		};
/* End PBXGroup section */

/* Begin PBXNativeTarget section */
		E60525DB22415685000AB425 /* Weatherman */ = {
			isa = PBXNativeTarget;
			buildConfigurationList = E60525EE22415687000AB425 /* Build configuration list for PBXNativeTarget "Weatherman" */;
			buildPhases = (
				6D14E1E33B2136FB4DB9E66B /* [CP] Check Pods Manifest.lock */,
				E66369BD2241665C00CFF860 /* ShellScript */,
				E60525D822415685000AB425 /* Sources */,
				E60525D922415685000AB425 /* Frameworks */,
				E60525DA22415685000AB425 /* Resources */,
				8186C016BC4DAE271D74EFF4 /* [CP] Embed Pods Frameworks */,
				E66369C02241672000CFF860 /* ShellScript */,
			);
			buildRules = (
			);
			dependencies = (
			);
			name = Weatherman;
			productName = Weatherman;
			productReference = E60525DC22415685000AB425 /* Weatherman.app */;
			productType = "com.apple.product-type.application";
		};
/* End PBXNativeTarget section */

/* Begin PBXProject section */
		E60525D422415685000AB425 /* Project object */ = {
			isa = PBXProject;
			attributes = {
				LastSwiftUpdateCheck = 1010;
				LastUpgradeCheck = 1010;
				ORGANIZATIONNAME = "Dmitry Zawadsky";
				TargetAttributes = {
					E60525DB22415685000AB425 = {
						CreatedOnToolsVersion = 10.1;
						ProvisioningStyle = Automatic;
					};
				};
			};
			buildConfigurationList = E60525D722415685000AB425 /* Build configuration list for PBXProject "Weatherman" */;
			compatibilityVersion = "Xcode 8.0";
			developmentRegion = en;
			hasScannedForEncodings = 0;
			knownRegions = (
				en,
				Base,
			);
			mainGroup = E60525D322415685000AB425;
			productRefGroup = E60525DD22415685000AB425 /* Products */;
			projectDirPath = "";
			projectRoot = "";
			targets = (
				E60525DB22415685000AB425 /* Weatherman */,
			);
		};
/* End PBXProject section */

/* Begin PBXResourcesBuildPhase section */
		E60525DA22415685000AB425 /* Resources */ = {
			isa = PBXResourcesBuildPhase;
			buildActionMask = 2147483647;
			files = (
				E66369EE2241D42300CFF860 /* ForecastModuleTableViewCell.xib in Resources */,
				48199429224240F800ABF2A3 /* ForecastModuleTableViewHeader.xib in Resources */,
				E60525EA22415687000AB425 /* LaunchScreen.storyboard in Resources */,
				E66369D72241809700CFF860 /* GoogleService-Info.plist in Resources */,
				E66369D322417C6C00CFF860 /* TodayModuleViewController.storyboard in Resources */,
				E66369D1224178CA00CFF860 /* ParentTabBarModuleViewController.storyboard in Resources */,
				E60525E722415687000AB425 /* Assets.xcassets in Resources */,
				E66369D522417D1C00CFF860 /* ForecastModuleViewController.storyboard in Resources */,
			);
			runOnlyForDeploymentPostprocessing = 0;
		};
/* End PBXResourcesBuildPhase section */

/* Begin PBXShellScriptBuildPhase section */
		6D14E1E33B2136FB4DB9E66B /* [CP] Check Pods Manifest.lock */ = {
			isa = PBXShellScriptBuildPhase;
			buildActionMask = 2147483647;
			files = (
			);
			inputPaths = (
				"${PODS_PODFILE_DIR_PATH}/Podfile.lock",
				"${PODS_ROOT}/Manifest.lock",
			);
			name = "[CP] Check Pods Manifest.lock";
			outputPaths = (
				"$(DERIVED_FILE_DIR)/Pods-Weatherman-checkManifestLockResult.txt",
			);
			runOnlyForDeploymentPostprocessing = 0;
			shellPath = /bin/sh;
			shellScript = "diff \"${PODS_PODFILE_DIR_PATH}/Podfile.lock\" \"${PODS_ROOT}/Manifest.lock\" > /dev/null\nif [ $? != 0 ] ; then\n    # print error to STDERR\n    echo \"error: The sandbox is not in sync with the Podfile.lock. Run 'pod install' or update your CocoaPods installation.\" >&2\n    exit 1\nfi\n# This output is used by Xcode 'outputs' to avoid re-running this script phase.\necho \"SUCCESS\" > \"${SCRIPT_OUTPUT_FILE_0}\"\n";
			showEnvVarsInLog = 0;
		};
		8186C016BC4DAE271D74EFF4 /* [CP] Embed Pods Frameworks */ = {
			isa = PBXShellScriptBuildPhase;
			buildActionMask = 2147483647;
			files = (
			);
			inputPaths = (
				"${PODS_ROOT}/Target Support Files/Pods-Weatherman/Pods-Weatherman-frameworks.sh",
				"${BUILT_PRODUCTS_DIR}/Alamofire/Alamofire.framework",
				"${BUILT_PRODUCTS_DIR}/BoringSSL-GRPC/openssl_grpc.framework",
				"${BUILT_PRODUCTS_DIR}/Dodo/Dodo.framework",
				"${BUILT_PRODUCTS_DIR}/GoogleUtilities/GoogleUtilities.framework",
				"${BUILT_PRODUCTS_DIR}/Kingfisher/Kingfisher.framework",
				"${BUILT_PRODUCTS_DIR}/ObjectMapper/ObjectMapper.framework",
				"${BUILT_PRODUCTS_DIR}/Protobuf/Protobuf.framework",
				"${BUILT_PRODUCTS_DIR}/R.swift.Library/Rswift.framework",
				"${BUILT_PRODUCTS_DIR}/Repeat/Repeat.framework",
				"${BUILT_PRODUCTS_DIR}/SwifterSwift/SwifterSwift.framework",
				"${BUILT_PRODUCTS_DIR}/gRPC-C++/grpcpp.framework",
				"${BUILT_PRODUCTS_DIR}/gRPC-Core/grpc.framework",
				"${BUILT_PRODUCTS_DIR}/leveldb-library/leveldb.framework",
				"${BUILT_PRODUCTS_DIR}/nanopb/nanopb.framework",
			);
			name = "[CP] Embed Pods Frameworks";
			outputPaths = (
				"${TARGET_BUILD_DIR}/${FRAMEWORKS_FOLDER_PATH}/Alamofire.framework",
				"${TARGET_BUILD_DIR}/${FRAMEWORKS_FOLDER_PATH}/openssl_grpc.framework",
				"${TARGET_BUILD_DIR}/${FRAMEWORKS_FOLDER_PATH}/Dodo.framework",
				"${TARGET_BUILD_DIR}/${FRAMEWORKS_FOLDER_PATH}/GoogleUtilities.framework",
				"${TARGET_BUILD_DIR}/${FRAMEWORKS_FOLDER_PATH}/Kingfisher.framework",
				"${TARGET_BUILD_DIR}/${FRAMEWORKS_FOLDER_PATH}/ObjectMapper.framework",
				"${TARGET_BUILD_DIR}/${FRAMEWORKS_FOLDER_PATH}/Protobuf.framework",
				"${TARGET_BUILD_DIR}/${FRAMEWORKS_FOLDER_PATH}/Rswift.framework",
				"${TARGET_BUILD_DIR}/${FRAMEWORKS_FOLDER_PATH}/Repeat.framework",
				"${TARGET_BUILD_DIR}/${FRAMEWORKS_FOLDER_PATH}/SwifterSwift.framework",
				"${TARGET_BUILD_DIR}/${FRAMEWORKS_FOLDER_PATH}/grpcpp.framework",
				"${TARGET_BUILD_DIR}/${FRAMEWORKS_FOLDER_PATH}/grpc.framework",
				"${TARGET_BUILD_DIR}/${FRAMEWORKS_FOLDER_PATH}/leveldb.framework",
				"${TARGET_BUILD_DIR}/${FRAMEWORKS_FOLDER_PATH}/nanopb.framework",
			);
			runOnlyForDeploymentPostprocessing = 0;
			shellPath = /bin/sh;
			shellScript = "\"${PODS_ROOT}/Target Support Files/Pods-Weatherman/Pods-Weatherman-frameworks.sh\"\n";
			showEnvVarsInLog = 0;
		};
		E66369BD2241665C00CFF860 /* ShellScript */ = {
			isa = PBXShellScriptBuildPhase;
			buildActionMask = 2147483647;
			files = (
			);
			inputPaths = (
				"$TEMP_DIR/rswift-lastrun",
			);
			outputPaths = (
				$SRCROOT/R.generated.swift,
			);
			runOnlyForDeploymentPostprocessing = 0;
			shellPath = /bin/sh;
			shellScript = "\"$PODS_ROOT/R.swift/rswift\" generate \"$SRCROOT/R.generated.swift\"\n";
		};
		E66369C02241672000CFF860 /* ShellScript */ = {
			isa = PBXShellScriptBuildPhase;
			buildActionMask = 2147483647;
			files = (
			);
			inputPaths = (
			);
			outputPaths = (
			);
			runOnlyForDeploymentPostprocessing = 0;
			shellPath = /bin/sh;
			shellScript = "${PODS_ROOT}/SwiftLint/swiftlint\n";
		};
/* End PBXShellScriptBuildPhase section */

/* Begin PBXSourcesBuildPhase section */
		E60525D822415685000AB425 /* Sources */ = {
			isa = PBXSourcesBuildPhase;
			buildActionMask = 2147483647;
			files = (
				E66369CA2241704D00CFF860 /* WeathermanTabBarController.swift in Sources */,
				E66369B12241624300CFF860 /* ApplicationConfigurator.swift in Sources */,
				E66369C822416D3C00CFF860 /* APIService.swift in Sources */,
				E66369CD2241736900CFF860 /* LocationService.swift in Sources */,
				E60525E022415685000AB425 /* AppDelegate.swift in Sources */,
				E66369CF224175A100CFF860 /* Storage.swift in Sources */,
				E66369ED2241D42300CFF860 /* ForecastModuleTableViewCell.swift in Sources */,
				E66369BC224164F700CFF860 /* WeathermanNavigationController.swift in Sources */,
				E66369DC2241883900CFF860 /* WeatherObservable.swift in Sources */,
				E66369E62241B6C900CFF860 /* ForecastDateTransform.swift in Sources */,
				E66369E022419A4100CFF860 /* CurrentWeather.swift in Sources */,
				E61693CE3799A58B9305EF6A /* TodayModuleInitializer.swift in Sources */,
				48199427224240EB00ABF2A3 /* ForecastModuleTableViewHeader.swift in Sources */,
				5B9BA2501432B77E17D038D9 /* TodayModuleConfigurator.swift in Sources */,
				5AEA068BAA290BCF5CBB41BD /* TodayModuleViewInput.swift in Sources */,
				E66369E222419A4E00CFF860 /* DayWeather.swift in Sources */,
				E66369BF224166B900CFF860 /* R.generated.swift in Sources */,
				E66369BA224163AE00CFF860 /* WeathermanViewController.swift in Sources */,
				4C56FFEB8AECF5BDFB4BD667 /* TodayModuleViewController.swift in Sources */,
				E66369E422419C3F00CFF860 /* ServiceError.swift in Sources */,
				30C86FF81CAB9ED254261A37 /* TodayModuleViewOutput.swift in Sources */,
				E66369D9224187F000CFF860 /* WeatherService.swift in Sources */,
				60CB01DB3658F1A9B48F83B6 /* TodayModulePresenter.swift in Sources */,
				FCD41F3D7C28838488065EAB /* ForecastModuleInitializer.swift in Sources */,
				E66369B72241633800CFF860 /* Utilities.swift in Sources */,
				4819942422422C0A00ABF2A3 /* Forecast.swift in Sources */,
				E66369C322416C2600CFF860 /* URLRequest+cURL.swift in Sources */,
				FDFAF496BC57775066E757B4 /* ForecastModuleConfigurator.swift in Sources */,
				E66369B42241630100CFF860 /* APIEndpoints.swift in Sources */,
				58105BB4B83398C06FAB43B2 /* ForecastModuleViewInput.swift in Sources */,
				4819942B22424BE200ABF2A3 /* UserData.swift in Sources */,
				42B51190B60CEDB053C6DEB9 /* ForecastModuleViewController.swift in Sources */,
				E66369DE224193D100CFF860 /* WeathermanViewController+WeatherSubscribable.swift in Sources */,
				D71C86D1131D4CA78444CEDD /* ForecastModuleViewOutput.swift in Sources */,
				E66369E82241D0A100CFF860 /* Double+Extension.swift in Sources */,
				EE15376E0B9016CCBC4D908B /* ForecastModulePresenter.swift in Sources */,
				09F7935908FDF2F1F21516F5 /* ParentTabBarModuleInitializer.swift in Sources */,
				0595A7561A5018DC8698A916 /* ParentTabBarModuleConfigurator.swift in Sources */,
				72B9A5EBA3E76C0FFCDFD597 /* ParentTabBarModuleViewInput.swift in Sources */,
				DC4604EB5B098BF1AF4E5682 /* ParentTabBarModuleViewController.swift in Sources */,
				3A77688A3FF564B4360A7C15 /* ParentTabBarModuleViewOutput.swift in Sources */,
				F07524CB9A3AD5D7001E0D3F /* ParentTabBarModulePresenter.swift in Sources */,
			);
			runOnlyForDeploymentPostprocessing = 0;
		};
/* End PBXSourcesBuildPhase section */

/* Begin PBXVariantGroup section */
		E60525E822415687000AB425 /* LaunchScreen.storyboard */ = {
			isa = PBXVariantGroup;
			children = (
				E60525E922415687000AB425 /* Base */,
			);
			name = LaunchScreen.storyboard;
			sourceTree = "<group>";
		};
/* End PBXVariantGroup section */

/* Begin XCBuildConfiguration section */
		E60525EC22415687000AB425 /* Debug */ = {
			isa = XCBuildConfiguration;
			buildSettings = {
				ALWAYS_SEARCH_USER_PATHS = NO;
				CLANG_ANALYZER_NONNULL = YES;
				CLANG_ANALYZER_NUMBER_OBJECT_CONVERSION = YES_AGGRESSIVE;
				CLANG_CXX_LANGUAGE_STANDARD = "gnu++14";
				CLANG_CXX_LIBRARY = "libc++";
				CLANG_ENABLE_MODULES = YES;
				CLANG_ENABLE_OBJC_ARC = YES;
				CLANG_ENABLE_OBJC_WEAK = YES;
				CLANG_WARN_BLOCK_CAPTURE_AUTORELEASING = YES;
				CLANG_WARN_BOOL_CONVERSION = YES;
				CLANG_WARN_COMMA = YES;
				CLANG_WARN_CONSTANT_CONVERSION = YES;
				CLANG_WARN_DEPRECATED_OBJC_IMPLEMENTATIONS = YES;
				CLANG_WARN_DIRECT_OBJC_ISA_USAGE = YES_ERROR;
				CLANG_WARN_DOCUMENTATION_COMMENTS = YES;
				CLANG_WARN_EMPTY_BODY = YES;
				CLANG_WARN_ENUM_CONVERSION = YES;
				CLANG_WARN_INFINITE_RECURSION = YES;
				CLANG_WARN_INT_CONVERSION = YES;
				CLANG_WARN_NON_LITERAL_NULL_CONVERSION = YES;
				CLANG_WARN_OBJC_IMPLICIT_RETAIN_SELF = YES;
				CLANG_WARN_OBJC_LITERAL_CONVERSION = YES;
				CLANG_WARN_OBJC_ROOT_CLASS = YES_ERROR;
				CLANG_WARN_RANGE_LOOP_ANALYSIS = YES;
				CLANG_WARN_STRICT_PROTOTYPES = YES;
				CLANG_WARN_SUSPICIOUS_MOVE = YES;
				CLANG_WARN_UNGUARDED_AVAILABILITY = YES_AGGRESSIVE;
				CLANG_WARN_UNREACHABLE_CODE = YES;
				CLANG_WARN__DUPLICATE_METHOD_MATCH = YES;
				CODE_SIGN_IDENTITY = "iPhone Developer";
				COPY_PHASE_STRIP = NO;
				DEBUG_INFORMATION_FORMAT = dwarf;
				ENABLE_STRICT_OBJC_MSGSEND = YES;
				ENABLE_TESTABILITY = YES;
				GCC_C_LANGUAGE_STANDARD = gnu11;
				GCC_DYNAMIC_NO_PIC = NO;
				GCC_NO_COMMON_BLOCKS = YES;
				GCC_OPTIMIZATION_LEVEL = 0;
				GCC_PREPROCESSOR_DEFINITIONS = (
					"DEBUG=1",
					"$(inherited)",
				);
				GCC_WARN_64_TO_32_BIT_CONVERSION = YES;
				GCC_WARN_ABOUT_RETURN_TYPE = YES_ERROR;
				GCC_WARN_UNDECLARED_SELECTOR = YES;
				GCC_WARN_UNINITIALIZED_AUTOS = YES_AGGRESSIVE;
				GCC_WARN_UNUSED_FUNCTION = YES;
				GCC_WARN_UNUSED_VARIABLE = YES;
				IPHONEOS_DEPLOYMENT_TARGET = 12.1;
				MTL_ENABLE_DEBUG_INFO = INCLUDE_SOURCE;
				MTL_FAST_MATH = YES;
				ONLY_ACTIVE_ARCH = YES;
				SDKROOT = iphoneos;
				SWIFT_ACTIVE_COMPILATION_CONDITIONS = DEBUG;
				SWIFT_OPTIMIZATION_LEVEL = "-Onone";
			};
			name = Debug;
		};
		E60525ED22415687000AB425 /* Release */ = {
			isa = XCBuildConfiguration;
			buildSettings = {
				ALWAYS_SEARCH_USER_PATHS = NO;
				CLANG_ANALYZER_NONNULL = YES;
				CLANG_ANALYZER_NUMBER_OBJECT_CONVERSION = YES_AGGRESSIVE;
				CLANG_CXX_LANGUAGE_STANDARD = "gnu++14";
				CLANG_CXX_LIBRARY = "libc++";
				CLANG_ENABLE_MODULES = YES;
				CLANG_ENABLE_OBJC_ARC = YES;
				CLANG_ENABLE_OBJC_WEAK = YES;
				CLANG_WARN_BLOCK_CAPTURE_AUTORELEASING = YES;
				CLANG_WARN_BOOL_CONVERSION = YES;
				CLANG_WARN_COMMA = YES;
				CLANG_WARN_CONSTANT_CONVERSION = YES;
				CLANG_WARN_DEPRECATED_OBJC_IMPLEMENTATIONS = YES;
				CLANG_WARN_DIRECT_OBJC_ISA_USAGE = YES_ERROR;
				CLANG_WARN_DOCUMENTATION_COMMENTS = YES;
				CLANG_WARN_EMPTY_BODY = YES;
				CLANG_WARN_ENUM_CONVERSION = YES;
				CLANG_WARN_INFINITE_RECURSION = YES;
				CLANG_WARN_INT_CONVERSION = YES;
				CLANG_WARN_NON_LITERAL_NULL_CONVERSION = YES;
				CLANG_WARN_OBJC_IMPLICIT_RETAIN_SELF = YES;
				CLANG_WARN_OBJC_LITERAL_CONVERSION = YES;
				CLANG_WARN_OBJC_ROOT_CLASS = YES_ERROR;
				CLANG_WARN_RANGE_LOOP_ANALYSIS = YES;
				CLANG_WARN_STRICT_PROTOTYPES = YES;
				CLANG_WARN_SUSPICIOUS_MOVE = YES;
				CLANG_WARN_UNGUARDED_AVAILABILITY = YES_AGGRESSIVE;
				CLANG_WARN_UNREACHABLE_CODE = YES;
				CLANG_WARN__DUPLICATE_METHOD_MATCH = YES;
				CODE_SIGN_IDENTITY = "iPhone Developer";
				COPY_PHASE_STRIP = NO;
				DEBUG_INFORMATION_FORMAT = "dwarf-with-dsym";
				ENABLE_NS_ASSERTIONS = NO;
				ENABLE_STRICT_OBJC_MSGSEND = YES;
				GCC_C_LANGUAGE_STANDARD = gnu11;
				GCC_NO_COMMON_BLOCKS = YES;
				GCC_WARN_64_TO_32_BIT_CONVERSION = YES;
				GCC_WARN_ABOUT_RETURN_TYPE = YES_ERROR;
				GCC_WARN_UNDECLARED_SELECTOR = YES;
				GCC_WARN_UNINITIALIZED_AUTOS = YES_AGGRESSIVE;
				GCC_WARN_UNUSED_FUNCTION = YES;
				GCC_WARN_UNUSED_VARIABLE = YES;
				IPHONEOS_DEPLOYMENT_TARGET = 12.1;
				MTL_ENABLE_DEBUG_INFO = NO;
				MTL_FAST_MATH = YES;
				SDKROOT = iphoneos;
				SWIFT_OPTIMIZATION_LEVEL = "-Owholemodule";
				VALIDATE_PRODUCT = YES;
			};
			name = Release;
		};
		E60525EF22415687000AB425 /* Debug */ = {
			isa = XCBuildConfiguration;
			baseConfigurationReference = 622EEEE210570A355696D424 /* Pods-Weatherman.debug.xcconfig */;
			buildSettings = {
				ASSETCATALOG_COMPILER_APPICON_NAME = AppIcon;
				CODE_SIGN_STYLE = Automatic;
				DEVELOPMENT_TEAM = 57B455Y6G5;
				INFOPLIST_FILE = Weatherman/Info.plist;
				LD_RUNPATH_SEARCH_PATHS = "$(inherited) @executable_path/Frameworks";
				PRODUCT_BUNDLE_IDENTIFIER = LetMeCode.Weatherman;
				PRODUCT_NAME = "$(TARGET_NAME)";
				SWIFT_VERSION = 4.2;
				TARGETED_DEVICE_FAMILY = "1,2";
			};
			name = Debug;
		};
		E60525F022415687000AB425 /* Release */ = {
			isa = XCBuildConfiguration;
			baseConfigurationReference = 4CB2CBB65AA412BD2455F33D /* Pods-Weatherman.release.xcconfig */;
			buildSettings = {
				ASSETCATALOG_COMPILER_APPICON_NAME = AppIcon;
				CODE_SIGN_STYLE = Automatic;
				DEVELOPMENT_TEAM = 57B455Y6G5;
				INFOPLIST_FILE = Weatherman/Info.plist;
				LD_RUNPATH_SEARCH_PATHS = "$(inherited) @executable_path/Frameworks";
				PRODUCT_BUNDLE_IDENTIFIER = LetMeCode.Weatherman;
				PRODUCT_NAME = "$(TARGET_NAME)";
				SWIFT_VERSION = 4.2;
				TARGETED_DEVICE_FAMILY = "1,2";
			};
			name = Release;
		};
/* End XCBuildConfiguration section */

/* Begin XCConfigurationList section */
		E60525D722415685000AB425 /* Build configuration list for PBXProject "Weatherman" */ = {
			isa = XCConfigurationList;
			buildConfigurations = (
				E60525EC22415687000AB425 /* Debug */,
				E60525ED22415687000AB425 /* Release */,
			);
			defaultConfigurationIsVisible = 0;
			defaultConfigurationName = Release;
		};
		E60525EE22415687000AB425 /* Build configuration list for PBXNativeTarget "Weatherman" */ = {
			isa = XCConfigurationList;
			buildConfigurations = (
				E60525EF22415687000AB425 /* Debug */,
				E60525F022415687000AB425 /* Release */,
			);
			defaultConfigurationIsVisible = 0;
			defaultConfigurationName = Release;
		};
/* End XCConfigurationList section */
	};
	rootObject = E60525D422415685000AB425 /* Project object */;
}
